
Microsoft Visual Studio Solution File, Format Version 12.00
# Visual Studio Version 16
VisualStudioVersion = 16.0.30114.105
MinimumVisualStudioVersion = 10.0.40219.1
Project("{2150E333-8FDC-42A3-9474-1A3956D46DE8}") = "Shared", "Shared", "{2F16C547-487A-4140-ACF3-8934848C7E53}"
EndProject
Project("{9A19103F-16F7-4668-BE54-9A1E7A4F7556}") = "PeopleViewer.Common", "PeopleViewer.Common\PeopleViewer.Common.csproj", "{98B35714-C93F-4364-B942-ABDDBC19573E}"
EndProject
Project("{2150E333-8FDC-42A3-9474-1A3956D46DE8}") = "4-DataStorage", "4-DataStorage", "{82A3DEA5-AFB4-4EF3-8C7B-998C23E35A03}"
EndProject
Project("{9A19103F-16F7-4668-BE54-9A1E7A4F7556}") = "People.Service", "People.Service\People.Service.csproj", "{07CC076D-93A1-4A73-9226-838C0AE72696}"
EndProject
Project("{2150E333-8FDC-42A3-9474-1A3956D46DE8}") = "3-DataAccess", "3-DataAccess", "{00722A55-3530-4596-81F4-A0E8E46CD614}"
EndProject
Project("{9A19103F-16F7-4668-BE54-9A1E7A4F7556}") = "PersonDataReader.Service", "PersonDataReader.Service\PersonDataReader.Service.csproj", "{852458D8-A8D5-432A-8CE0-362CF3A5E2C3}"
EndProject
Project("{2150E333-8FDC-42A3-9474-1A3956D46DE8}") = "2-Presentation", "2-Presentation", "{1AD4D32B-F871-48C8-B684-376BEAA10110}"
EndProject
Project("{9A19103F-16F7-4668-BE54-9A1E7A4F7556}") = "PeopleViewer.Presentation", "PeopleViewer.Presentation\PeopleViewer.Presentation.csproj", "{ACDFD0F1-85B1-402C-9276-C75509BA43D4}"
EndProject
Project("{2150E333-8FDC-42A3-9474-1A3956D46DE8}") = "1-View", "1-View", "{D1B9A602-9386-4F10-9B13-28D711E4225A}"
EndProject
Project("{9A19103F-16F7-4668-BE54-9A1E7A4F7556}") = "PeopleViewer", "PeopleViewer\PeopleViewer.csproj", "{13C7F049-6934-4331-95AC-0E6522AA0BF7}"
EndProject
Project("{2150E333-8FDC-42A3-9474-1A3956D46DE8}") = "0-Boostrapper", "0-Boostrapper", "{B4E992E6-58FE-4AE6-A4A1-2E19BBDC47B7}"
EndProject
Project("{9A19103F-16F7-4668-BE54-9A1E7A4F7556}") = "PeopleViewer.View", "PeopleViewer.View\PeopleViewer.View.csproj", "{9FD4268C-1555-4E3F-ADAB-7B6DD4F7F628}"
EndProject
Global
	GlobalSection(SolutionConfigurationPlatforms) = preSolution
		Debug|Any CPU = Debug|Any CPU
		Debug|x64 = Debug|x64
		Debug|x86 = Debug|x86
		Release|Any CPU = Release|Any CPU
		Release|x64 = Release|x64
		Release|x86 = Release|x86
	EndGlobalSection
	GlobalSection(ProjectConfigurationPlatforms) = postSolution
		{98B35714-C93F-4364-B942-ABDDBC19573E}.Debug|Any CPU.ActiveCfg = Debug|Any CPU
		{98B35714-C93F-4364-B942-ABDDBC19573E}.Debug|Any CPU.Build.0 = Debug|Any CPU
		{98B35714-C93F-4364-B942-ABDDBC19573E}.Debug|x64.ActiveCfg = Debug|Any CPU
		{98B35714-C93F-4364-B942-ABDDBC19573E}.Debug|x64.Build.0 = Debug|Any CPU
		{98B35714-C93F-4364-B942-ABDDBC19573E}.Debug|x86.ActiveCfg = Debug|Any CPU
		{98B35714-C93F-4364-B942-ABDDBC19573E}.Debug|x86.Build.0 = Debug|Any CPU
		{98B35714-C93F-4364-B942-ABDDBC19573E}.Release|Any CPU.ActiveCfg = Release|Any CPU
		{98B35714-C93F-4364-B942-ABDDBC19573E}.Release|Any CPU.Build.0 = Release|Any CPU
		{98B35714-C93F-4364-B942-ABDDBC19573E}.Release|x64.ActiveCfg = Release|Any CPU
		{98B35714-C93F-4364-B942-ABDDBC19573E}.Release|x64.Build.0 = Release|Any CPU
		{98B35714-C93F-4364-B942-ABDDBC19573E}.Release|x86.ActiveCfg = Release|Any CPU
		{98B35714-C93F-4364-B942-ABDDBC19573E}.Release|x86.Build.0 = Release|Any CPU
		{07CC076D-93A1-4A73-9226-838C0AE72696}.Debug|Any CPU.ActiveCfg = Debug|Any CPU
		{07CC076D-93A1-4A73-9226-838C0AE72696}.Debug|Any CPU.Build.0 = Debug|Any CPU
		{07CC076D-93A1-4A73-9226-838C0AE72696}.Debug|x64.ActiveCfg = Debug|Any CPU
		{07CC076D-93A1-4A73-9226-838C0AE72696}.Debug|x64.Build.0 = Debug|Any CPU
		{07CC076D-93A1-4A73-9226-838C0AE72696}.Debug|x86.ActiveCfg = Debug|Any CPU
		{07CC076D-93A1-4A73-9226-838C0AE72696}.Debug|x86.Build.0 = Debug|Any CPU
		{07CC076D-93A1-4A73-9226-838C0AE72696}.Release|Any CPU.ActiveCfg = Release|Any CPU
		{07CC076D-93A1-4A73-9226-838C0AE72696}.Release|Any CPU.Build.0 = Release|Any CPU
		{07CC076D-93A1-4A73-9226-838C0AE72696}.Release|x64.ActiveCfg = Release|Any CPU
		{07CC076D-93A1-4A73-9226-838C0AE72696}.Release|x64.Build.0 = Release|Any CPU
		{07CC076D-93A1-4A73-9226-838C0AE72696}.Release|x86.ActiveCfg = Release|Any CPU
		{07CC076D-93A1-4A73-9226-838C0AE72696}.Release|x86.Build.0 = Release|Any CPU
		{852458D8-A8D5-432A-8CE0-362CF3A5E2C3}.Debug|Any CPU.ActiveCfg = Debug|Any CPU
		{852458D8-A8D5-432A-8CE0-362CF3A5E2C3}.Debug|Any CPU.Build.0 = Debug|Any CPU
		{852458D8-A8D5-432A-8CE0-362CF3A5E2C3}.Debug|x64.ActiveCfg = Debug|Any CPU
		{852458D8-A8D5-432A-8CE0-362CF3A5E2C3}.Debug|x64.Build.0 = Debug|Any CPU
		{852458D8-A8D5-432A-8CE0-362CF3A5E2C3}.Debug|x86.ActiveCfg = Debug|Any CPU
		{852458D8-A8D5-432A-8CE0-362CF3A5E2C3}.Debug|x86.Build.0 = Debug|Any CPU
		{852458D8-A8D5-432A-8CE0-362CF3A5E2C3}.Release|Any CPU.ActiveCfg = Release|Any CPU
		{852458D8-A8D5-432A-8CE0-362CF3A5E2C3}.Release|Any CPU.Build.0 = Release|Any CPU
		{852458D8-A8D5-432A-8CE0-362CF3A5E2C3}.Release|x64.ActiveCfg = Release|Any CPU
		{852458D8-A8D5-432A-8CE0-362CF3A5E2C3}.Release|x64.Build.0 = Release|Any CPU
		{852458D8-A8D5-432A-8CE0-362CF3A5E2C3}.Release|x86.ActiveCfg = Release|Any CPU
		{852458D8-A8D5-432A-8CE0-362CF3A5E2C3}.Release|x86.Build.0 = Release|Any CPU
		{ACDFD0F1-85B1-402C-9276-C75509BA43D4}.Debug|Any CPU.ActiveCfg = Debug|Any CPU
		{ACDFD0F1-85B1-402C-9276-C75509BA43D4}.Debug|Any CPU.Build.0 = Debug|Any CPU
		{ACDFD0F1-85B1-402C-9276-C75509BA43D4}.Debug|x64.ActiveCfg = Debug|Any CPU
		{ACDFD0F1-85B1-402C-9276-C75509BA43D4}.Debug|x64.Build.0 = Debug|Any CPU
		{ACDFD0F1-85B1-402C-9276-C75509BA43D4}.Debug|x86.ActiveCfg = Debug|Any CPU
		{ACDFD0F1-85B1-402C-9276-C75509BA43D4}.Debug|x86.Build.0 = Debug|Any CPU
		{ACDFD0F1-85B1-402C-9276-C75509BA43D4}.Release|Any CPU.ActiveCfg = Release|Any CPU
		{ACDFD0F1-85B1-402C-9276-C75509BA43D4}.Release|Any CPU.Build.0 = Release|Any CPU
		{ACDFD0F1-85B1-402C-9276-C75509BA43D4}.Release|x64.ActiveCfg = Release|Any CPU
		{ACDFD0F1-85B1-402C-9276-C75509BA43D4}.Release|x64.Build.0 = Release|Any CPU
		{ACDFD0F1-85B1-402C-9276-C75509BA43D4}.Release|x86.ActiveCfg = Release|Any CPU
		{ACDFD0F1-85B1-402C-9276-C75509BA43D4}.Release|x86.Build.0 = Release|Any CPU
		{13C7F049-6934-4331-95AC-0E6522AA0BF7}.Debug|Any CPU.ActiveCfg = Debug|Any CPU
		{13C7F049-6934-4331-95AC-0E6522AA0BF7}.Debug|Any CPU.Build.0 = Debug|Any CPU
		{13C7F049-6934-4331-95AC-0E6522AA0BF7}.Debug|x64.ActiveCfg = Debug|Any CPU
		{13C7F049-6934-4331-95AC-0E6522AA0BF7}.Debug|x64.Build.0 = Debug|Any CPU
		{13C7F049-6934-4331-95AC-0E6522AA0BF7}.Debug|x86.ActiveCfg = Debug|Any CPU
		{13C7F049-6934-4331-95AC-0E6522AA0BF7}.Debug|x86.Build.0 = Debug|Any CPU
		{13C7F049-6934-4331-95AC-0E6522AA0BF7}.Release|Any CPU.ActiveCfg = Release|Any CPU
		{13C7F049-6934-4331-95AC-0E6522AA0BF7}.Release|Any CPU.Build.0 = Release|Any CPU
		{13C7F049-6934-4331-95AC-0E6522AA0BF7}.Release|x64.ActiveCfg = Release|Any CPU
		{13C7F049-6934-4331-95AC-0E6522AA0BF7}.Release|x64.Build.0 = Release|Any CPU
		{13C7F049-6934-4331-95AC-0E6522AA0BF7}.Release|x86.ActiveCfg = Release|Any CPU
		{13C7F049-6934-4331-95AC-0E6522AA0BF7}.Release|x86.Build.0 = Release|Any CPU
		{9FD4268C-1555-4E3F-ADAB-7B6DD4F7F628}.Debug|Any CPU.ActiveCfg = Debug|Any CPU
		{9FD4268C-1555-4E3F-ADAB-7B6DD4F7F628}.Debug|Any CPU.Build.0 = Debug|Any CPU
		{9FD4268C-1555-4E3F-ADAB-7B6DD4F7F628}.Debug|x64.ActiveCfg = Debug|Any CPU
		{9FD4268C-1555-4E3F-ADAB-7B6DD4F7F628}.Debug|x64.Build.0 = Debug|Any CPU
		{9FD4268C-1555-4E3F-ADAB-7B6DD4F7F628}.Debug|x86.ActiveCfg = Debug|Any CPU
		{9FD4268C-1555-4E3F-ADAB-7B6DD4F7F628}.Debug|x86.Build.0 = Debug|Any CPU
		{9FD4268C-1555-4E3F-ADAB-7B6DD4F7F628}.Release|Any CPU.ActiveCfg = Release|Any CPU
		{9FD4268C-1555-4E3F-ADAB-7B6DD4F7F628}.Release|Any CPU.Build.0 = Release|Any CPU
		{9FD4268C-1555-4E3F-ADAB-7B6DD4F7F628}.Release|x64.ActiveCfg = Release|Any CPU
		{9FD4268C-1555-4E3F-ADAB-7B6DD4F7F628}.Release|x64.Build.0 = Release|Any CPU
		{9FD4268C-1555-4E3F-ADAB-7B6DD4F7F628}.Release|x86.ActiveCfg = Release|Any CPU
		{9FD4268C-1555-4E3F-ADAB-7B6DD4F7F628}.Release|x86.Build.0 = Release|Any CPU
	EndGlobalSection
	GlobalSection(SolutionProperties) = preSolution
		HideSolutionNode = FALSE
	EndGlobalSection
	GlobalSection(NestedProjects) = preSolution
		{98B35714-C93F-4364-B942-ABDDBC19573E} = {2F16C547-487A-4140-ACF3-8934848C7E53}
		{07CC076D-93A1-4A73-9226-838C0AE72696} = {82A3DEA5-AFB4-4EF3-8C7B-998C23E35A03}
		{852458D8-A8D5-432A-8CE0-362CF3A5E2C3} = {00722A55-3530-4596-81F4-A0E8E46CD614}
		{ACDFD0F1-85B1-402C-9276-C75509BA43D4} = {1AD4D32B-F871-48C8-B684-376BEAA10110}
		{13C7F049-6934-4331-95AC-0E6522AA0BF7} = {B4E992E6-58FE-4AE6-A4A1-2E19BBDC47B7}
		{9FD4268C-1555-4E3F-ADAB-7B6DD4F7F628} = {D1B9A602-9386-4F10-9B13-28D711E4225A}
	EndGlobalSection
	GlobalSection(ExtensibilityGlobals) = postSolution
		SolutionGuid = {88E1C8E6-A49D-4DE2-AE93-7F67D5B0DFB1}
	EndGlobalSection
EndGlobal
